
Microsoft Visual Studio Solution File, Format Version 12.00
# Visual Studio 2012
Project("{FAE04EC0-301F-11D3-BF4B-00C04F79EFBC}") = "CometChatSample", "CometChatSample\CometChatSample.csproj", "{C17A017B-FFE9-4A55-B3A2-BD3C8D5F3E98}"
EndProject
Global
	GlobalSection(SolutionConfigurationPlatforms) = preSolution
		Debug|iPhoneSimulator = Debug|iPhoneSimulator
		Release|iPhone = Release|iPhone
		Release|iPhoneSimulator = Release|iPhoneSimulator
		Debug|iPhone = Debug|iPhone
	EndGlobalSection
	GlobalSection(ProjectConfigurationPlatforms) = postSolution
		{C17A017B-FFE9-4A55-B3A2-BD3C8D5F3E98}.Debug|iPhoneSimulator.ActiveCfg = Debug|iPhoneSimulator
		{C17A017B-FFE9-4A55-B3A2-BD3C8D5F3E98}.Debug|iPhoneSimulator.Build.0 = Debug|iPhoneSimulator
		{C17A017B-FFE9-4A55-B3A2-BD3C8D5F3E98}.Release|iPhone.ActiveCfg = Release|iPhone
		{C17A017B-FFE9-4A55-B3A2-BD3C8D5F3E98}.Release|iPhone.Build.0 = Release|iPhone
		{C17A017B-FFE9-4A55-B3A2-BD3C8D5F3E98}.Release|iPhoneSimulator.ActiveCfg = Release|iPhoneSimulator
		{C17A017B-FFE9-4A55-B3A2-BD3C8D5F3E98}.Release|iPhoneSimulator.Build.0 = Release|iPhoneSimulator
		{C17A017B-FFE9-4A55-B3A2-BD3C8D5F3E98}.Debug|iPhone.ActiveCfg = Debug|iPhone
		{C17A017B-FFE9-4A55-B3A2-BD3C8D5F3E98}.Debug|iPhone.Build.0 = Debug|iPhone
	EndGlobalSection
EndGlobal
